Microsoft Visual Studio Solution File, Format Version 12.00
# Visual Studio 15
Project("{8BC9CEB8-8B4A-11D0-8D11-00A0C91BC942}") = "ALL_BUILD", "ALL_BUILD.vcxproj", "{B0DA7CAA-B35E-3EED-B54E-5DB188429C58}"
	ProjectSection(ProjectDependencies) = postProject
		{C7FB4448-A582-3CD1-A531-EA3F02B42FAD} = {C7FB4448-A582-3CD1-A531-EA3F02B42FAD}
		{855EB0E7-1E8A-3FE4-BF53-C77900A529A4} = {855EB0E7-1E8A-3FE4-BF53-C77900A529A4}
	EndProjectSection
EndProject
Project("{8BC9CEB8-8B4A-11D0-8D11-00A0C91BC942}") = "CLW", "..\CLW\CLW.vcxproj", "{8CFA1A22-2AA1-3C65-99FB-FBA3E4658BF2}"
	ProjectSection(ProjectDependencies) = postProject
		{855EB0E7-1E8A-3FE4-BF53-C77900A529A4} = {855EB0E7-1E8A-3FE4-BF53-C77900A529A4}
		{B03F6706-A524-332D-9D88-1B74E7FBCC45} = {B03F6706-A524-332D-9D88-1B74E7FBCC45}
	EndProjectSection
EndProject
Project("{8BC9CEB8-8B4A-11D0-8D11-00A0C91BC942}") = "Calc", "Calc.vcxproj", "{C7FB4448-A582-3CD1-A531-EA3F02B42FAD}"
	ProjectSection(ProjectDependencies) = postProject
		{8CFA1A22-2AA1-3C65-99FB-FBA3E4658BF2} = {8CFA1A22-2AA1-3C65-99FB-FBA3E4658BF2}
		{855EB0E7-1E8A-3FE4-BF53-C77900A529A4} = {855EB0E7-1E8A-3FE4-BF53-C77900A529A4}
	EndProjectSection
EndProject
Project("{8BC9CEB8-8B4A-11D0-8D11-00A0C91BC942}") = "ZERO_CHECK", "..\\ZERO_CHECK.vcxproj", "{855EB0E7-1E8A-3FE4-BF53-C77900A529A4}"
	ProjectSection(ProjectDependencies) = postProject
	EndProjectSection
EndProject
Project("{8BC9CEB8-8B4A-11D0-8D11-00A0C91BC942}") = "clw_kernel_cache_h", "..\CLW\clw_kernel_cache_h.vcxproj", "{B03F6706-A524-332D-9D88-1B74E7FBCC45}"
	ProjectSection(ProjectDependencies) = postProject
		{855EB0E7-1E8A-3FE4-BF53-C77900A529A4} = {855EB0E7-1E8A-3FE4-BF53-C77900A529A4}
	EndProjectSection
EndProject
Global
	GlobalSection(SolutionConfigurationPlatforms) = preSolution
		Debug|x64 = Debug|x64
		Release|x64 = Release|x64
		MinSizeRel|x64 = MinSizeRel|x64
		RelWithDebInfo|x64 = RelWithDebInfo|x64
	EndGlobalSection
	GlobalSection(ProjectConfigurationPlatforms) = postSolution
		{B0DA7CAA-B35E-3EED-B54E-5DB188429C58}.Debug|x64.ActiveCfg = Debug|x64
		{B0DA7CAA-B35E-3EED-B54E-5DB188429C58}.Release|x64.ActiveCfg = Release|x64
		{B0DA7CAA-B35E-3EED-B54E-5DB188429C58}.MinSizeRel|x64.ActiveCfg = MinSizeRel|x64
		{B0DA7CAA-B35E-3EED-B54E-5DB188429C58}.RelWithDebInfo|x64.ActiveCfg = RelWithDebInfo|x64
		{8CFA1A22-2AA1-3C65-99FB-FBA3E4658BF2}.Debug|x64.ActiveCfg = Debug|x64
		{8CFA1A22-2AA1-3C65-99FB-FBA3E4658BF2}.Debug|x64.Build.0 = Debug|x64
		{8CFA1A22-2AA1-3C65-99FB-FBA3E4658BF2}.Release|x64.ActiveCfg = Release|x64
		{8CFA1A22-2AA1-3C65-99FB-FBA3E4658BF2}.Release|x64.Build.0 = Release|x64
		{8CFA1A22-2AA1-3C65-99FB-FBA3E4658BF2}.MinSizeRel|x64.ActiveCfg = MinSizeRel|x64
		{8CFA1A22-2AA1-3C65-99FB-FBA3E4658BF2}.MinSizeRel|x64.Build.0 = MinSizeRel|x64
		{8CFA1A22-2AA1-3C65-99FB-FBA3E4658BF2}.RelWithDebInfo|x64.ActiveCfg = RelWithDebInfo|x64
		{8CFA1A22-2AA1-3C65-99FB-FBA3E4658BF2}.RelWithDebInfo|x64.Build.0 = RelWithDebInfo|x64
		{C7FB4448-A582-3CD1-A531-EA3F02B42FAD}.Debug|x64.ActiveCfg = Debug|x64
		{C7FB4448-A582-3CD1-A531-EA3F02B42FAD}.Debug|x64.Build.0 = Debug|x64
		{C7FB4448-A582-3CD1-A531-EA3F02B42FAD}.Release|x64.ActiveCfg = Release|x64
		{C7FB4448-A582-3CD1-A531-EA3F02B42FAD}.Release|x64.Build.0 = Release|x64
		{C7FB4448-A582-3CD1-A531-EA3F02B42FAD}.MinSizeRel|x64.ActiveCfg = MinSizeRel|x64
		{C7FB4448-A582-3CD1-A531-EA3F02B42FAD}.MinSizeRel|x64.Build.0 = MinSizeRel|x64
		{C7FB4448-A582-3CD1-A531-EA3F02B42FAD}.RelWithDebInfo|x64.ActiveCfg = RelWithDebInfo|x64
		{C7FB4448-A582-3CD1-A531-EA3F02B42FAD}.RelWithDebInfo|x64.Build.0 = RelWithDebInfo|x64
		{855EB0E7-1E8A-3FE4-BF53-C77900A529A4}.Debug|x64.ActiveCfg = Debug|x64
		{855EB0E7-1E8A-3FE4-BF53-C77900A529A4}.Debug|x64.Build.0 = Debug|x64
		{855EB0E7-1E8A-3FE4-BF53-C77900A529A4}.Release|x64.ActiveCfg = Release|x64
		{855EB0E7-1E8A-3FE4-BF53-C77900A529A4}.Release|x64.Build.0 = Release|x64
		{855EB0E7-1E8A-3FE4-BF53-C77900A529A4}.MinSizeRel|x64.ActiveCfg = MinSizeRel|x64
		{855EB0E7-1E8A-3FE4-BF53-C77900A529A4}.MinSizeRel|x64.Build.0 = MinSizeRel|x64
		{855EB0E7-1E8A-3FE4-BF53-C77900A529A4}.RelWithDebInfo|x64.ActiveCfg = RelWithDebInfo|x64
		{855EB0E7-1E8A-3FE4-BF53-C77900A529A4}.RelWithDebInfo|x64.Build.0 = RelWithDebInfo|x64
		{B03F6706-A524-332D-9D88-1B74E7FBCC45}.Debug|x64.ActiveCfg = Debug|x64
		{B03F6706-A524-332D-9D88-1B74E7FBCC45}.Debug|x64.Build.0 = Debug|x64
		{B03F6706-A524-332D-9D88-1B74E7FBCC45}.Release|x64.ActiveCfg = Release|x64
		{B03F6706-A524-332D-9D88-1B74E7FBCC45}.Release|x64.Build.0 = Release|x64
		{B03F6706-A524-332D-9D88-1B74E7FBCC45}.MinSizeRel|x64.ActiveCfg = MinSizeRel|x64
		{B03F6706-A524-332D-9D88-1B74E7FBCC45}.MinSizeRel|x64.Build.0 = MinSizeRel|x64
		{B03F6706-A524-332D-9D88-1B74E7FBCC45}.RelWithDebInfo|x64.ActiveCfg = RelWithDebInfo|x64
		{B03F6706-A524-332D-9D88-1B74E7FBCC45}.RelWithDebInfo|x64.Build.0 = RelWithDebInfo|x64
	EndGlobalSection
	GlobalSection(ExtensibilityGlobals) = postSolution
		SolutionGuid = {415F5540-70EE-34F4-B05F-716A2078132B}
	EndGlobalSection
	GlobalSection(ExtensibilityAddIns) = postSolution
	EndGlobalSection
EndGlobal
