Microsoft Visual Studio Solution File, Format Version 12.00
# Visual Studio 15
VisualStudioVersion = 15.0.26403.7
MinimumVisualStudioVersion = 10.0.40219.1
Project("{8BC9CEB8-8B4A-11D0-8D11-00A0C91BC942}") = "ALL_BUILD", "ALL_BUILD.vcxproj", "{B0DA7CAA-B35E-3EED-B54E-5DB188429C58}"
	ProjectSection(ProjectDependencies) = postProject
		{8CFA1A22-2AA1-3C65-99FB-FBA3E4658BF2} = {8CFA1A22-2AA1-3C65-99FB-FBA3E4658BF2}
		{C7FB4448-A582-3CD1-A531-EA3F02B42FAD} = {C7FB4448-A582-3CD1-A531-EA3F02B42FAD}
		{1D5B28B1-7004-3868-A56C-A4532D3EBEEC} = {1D5B28B1-7004-3868-A56C-A4532D3EBEEC}
		{610A449C-EA16-389C-930E-7EC02F9C5FDF} = {610A449C-EA16-389C-930E-7EC02F9C5FDF}
		{CBA42BFB-00EF-3D32-9763-F18F58DAF414} = {CBA42BFB-00EF-3D32-9763-F18F58DAF414}
		{855EB0E7-1E8A-3FE4-BF53-C77900A529A4} = {855EB0E7-1E8A-3FE4-BF53-C77900A529A4}
	EndProjectSection
EndProject
Project("{8BC9CEB8-8B4A-11D0-8D11-00A0C91BC942}") = "CLW", "CLW\CLW.vcxproj", "{8CFA1A22-2AA1-3C65-99FB-FBA3E4658BF2}"
	ProjectSection(ProjectDependencies) = postProject
		{855EB0E7-1E8A-3FE4-BF53-C77900A529A4} = {855EB0E7-1E8A-3FE4-BF53-C77900A529A4}
		{B03F6706-A524-332D-9D88-1B74E7FBCC45} = {B03F6706-A524-332D-9D88-1B74E7FBCC45}
	EndProjectSection
EndProject
Project("{8BC9CEB8-8B4A-11D0-8D11-00A0C91BC942}") = "Calc", "Calc\Calc.vcxproj", "{C7FB4448-A582-3CD1-A531-EA3F02B42FAD}"
	ProjectSection(ProjectDependencies) = postProject
		{8CFA1A22-2AA1-3C65-99FB-FBA3E4658BF2} = {8CFA1A22-2AA1-3C65-99FB-FBA3E4658BF2}
		{855EB0E7-1E8A-3FE4-BF53-C77900A529A4} = {855EB0E7-1E8A-3FE4-BF53-C77900A529A4}
	EndProjectSection
EndProject
Project("{8BC9CEB8-8B4A-11D0-8D11-00A0C91BC942}") = "GTest", "Gtest\GTest.vcxproj", "{1D5B28B1-7004-3868-A56C-A4532D3EBEEC}"
	ProjectSection(ProjectDependencies) = postProject
		{855EB0E7-1E8A-3FE4-BF53-C77900A529A4} = {855EB0E7-1E8A-3FE4-BF53-C77900A529A4}
	EndProjectSection
EndProject
Project("{8BC9CEB8-8B4A-11D0-8D11-00A0C91BC942}") = "RadeonRays", "RadeonRays\RadeonRays.vcxproj", "{610A449C-EA16-389C-930E-7EC02F9C5FDF}"
	ProjectSection(ProjectDependencies) = postProject
		{8CFA1A22-2AA1-3C65-99FB-FBA3E4658BF2} = {8CFA1A22-2AA1-3C65-99FB-FBA3E4658BF2}
		{C7FB4448-A582-3CD1-A531-EA3F02B42FAD} = {C7FB4448-A582-3CD1-A531-EA3F02B42FAD}
		{8F5F639C-3301-346E-9463-FC892E0DCC7F} = {8F5F639C-3301-346E-9463-FC892E0DCC7F}
		{855EB0E7-1E8A-3FE4-BF53-C77900A529A4} = {855EB0E7-1E8A-3FE4-BF53-C77900A529A4}
	EndProjectSection
EndProject
Project("{8BC9CEB8-8B4A-11D0-8D11-00A0C91BC942}") = "RadeonRaysKernelCache", "RadeonRays\src\kernels\CL\RadeonRaysKernelCache.vcxproj", "{8F5F639C-3301-346E-9463-FC892E0DCC7F}"
	ProjectSection(ProjectDependencies) = postProject
		{855EB0E7-1E8A-3FE4-BF53-C77900A529A4} = {855EB0E7-1E8A-3FE4-BF53-C77900A529A4}
	EndProjectSection
EndProject
Project("{8BC9CEB8-8B4A-11D0-8D11-00A0C91BC942}") = "UnitTest", "UnitTest\UnitTest.vcxproj", "{CBA42BFB-00EF-3D32-9763-F18F58DAF414}"
	ProjectSection(ProjectDependencies) = postProject
		{8CFA1A22-2AA1-3C65-99FB-FBA3E4658BF2} = {8CFA1A22-2AA1-3C65-99FB-FBA3E4658BF2}
		{C7FB4448-A582-3CD1-A531-EA3F02B42FAD} = {C7FB4448-A582-3CD1-A531-EA3F02B42FAD}
		{1D5B28B1-7004-3868-A56C-A4532D3EBEEC} = {1D5B28B1-7004-3868-A56C-A4532D3EBEEC}
		{610A449C-EA16-389C-930E-7EC02F9C5FDF} = {610A449C-EA16-389C-930E-7EC02F9C5FDF}
		{855EB0E7-1E8A-3FE4-BF53-C77900A529A4} = {855EB0E7-1E8A-3FE4-BF53-C77900A529A4}
	EndProjectSection
EndProject
Project("{8BC9CEB8-8B4A-11D0-8D11-00A0C91BC942}") = "ZERO_CHECK", "ZERO_CHECK.vcxproj", "{855EB0E7-1E8A-3FE4-BF53-C77900A529A4}"
EndProject
Project("{8BC9CEB8-8B4A-11D0-8D11-00A0C91BC942}") = "clw_kernel_cache_h", "CLW\clw_kernel_cache_h.vcxproj", "{B03F6706-A524-332D-9D88-1B74E7FBCC45}"
	ProjectSection(ProjectDependencies) = postProject
		{855EB0E7-1E8A-3FE4-BF53-C77900A529A4} = {855EB0E7-1E8A-3FE4-BF53-C77900A529A4}
	EndProjectSection
EndProject
Global
	GlobalSection(SolutionConfigurationPlatforms) = preSolution
		Debug|Win32 = Debug|Win32
		Debug|x64 = Debug|x64
		Debug|x86 = Debug|x86
		MinSizeRel|Win32 = MinSizeRel|Win32
		MinSizeRel|x64 = MinSizeRel|x64
		MinSizeRel|x86 = MinSizeRel|x86
		Release|Win32 = Release|Win32
		Release|x64 = Release|x64
		Release|x86 = Release|x86
		RelWithDebInfo|Win32 = RelWithDebInfo|Win32
		RelWithDebInfo|x64 = RelWithDebInfo|x64
		RelWithDebInfo|x86 = RelWithDebInfo|x86
	EndGlobalSection
	GlobalSection(ProjectConfigurationPlatforms) = postSolution
		{B0DA7CAA-B35E-3EED-B54E-5DB188429C58}.Debug|Win32.ActiveCfg = Debug|Win32
		{B0DA7CAA-B35E-3EED-B54E-5DB188429C58}.Debug|Win32.Build.0 = Debug|Win32
		{B0DA7CAA-B35E-3EED-B54E-5DB188429C58}.Debug|x64.ActiveCfg = Debug|x64
		{B0DA7CAA-B35E-3EED-B54E-5DB188429C58}.Debug|x86.ActiveCfg = Debug|Win32
		{B0DA7CAA-B35E-3EED-B54E-5DB188429C58}.MinSizeRel|Win32.ActiveCfg = MinSizeRel|Win32
		{B0DA7CAA-B35E-3EED-B54E-5DB188429C58}.MinSizeRel|Win32.Build.0 = MinSizeRel|Win32
		{B0DA7CAA-B35E-3EED-B54E-5DB188429C58}.MinSizeRel|x64.ActiveCfg = MinSizeRel|x64
		{B0DA7CAA-B35E-3EED-B54E-5DB188429C58}.MinSizeRel|x86.ActiveCfg = MinSizeRel|Win32
		{B0DA7CAA-B35E-3EED-B54E-5DB188429C58}.Release|Win32.ActiveCfg = Release|Win32
		{B0DA7CAA-B35E-3EED-B54E-5DB188429C58}.Release|Win32.Build.0 = Release|Win32
		{B0DA7CAA-B35E-3EED-B54E-5DB188429C58}.Release|x64.ActiveCfg = Release|x64
		{B0DA7CAA-B35E-3EED-B54E-5DB188429C58}.Release|x86.ActiveCfg = Release|Win32
		{B0DA7CAA-B35E-3EED-B54E-5DB188429C58}.RelWithDebInfo|Win32.ActiveCfg = RelWithDebInfo|Win32
		{B0DA7CAA-B35E-3EED-B54E-5DB188429C58}.RelWithDebInfo|Win32.Build.0 = RelWithDebInfo|Win32
		{B0DA7CAA-B35E-3EED-B54E-5DB188429C58}.RelWithDebInfo|x64.ActiveCfg = RelWithDebInfo|x64
		{B0DA7CAA-B35E-3EED-B54E-5DB188429C58}.RelWithDebInfo|x86.ActiveCfg = RelWithDebInfo|Win32
		{8CFA1A22-2AA1-3C65-99FB-FBA3E4658BF2}.Debug|Win32.ActiveCfg = Debug|Win32
		{8CFA1A22-2AA1-3C65-99FB-FBA3E4658BF2}.Debug|Win32.Build.0 = Debug|Win32
		{8CFA1A22-2AA1-3C65-99FB-FBA3E4658BF2}.Debug|x64.ActiveCfg = Debug|x64
		{8CFA1A22-2AA1-3C65-99FB-FBA3E4658BF2}.Debug|x64.Build.0 = Debug|x64
		{8CFA1A22-2AA1-3C65-99FB-FBA3E4658BF2}.Debug|x86.ActiveCfg = Debug|Win32
		{8CFA1A22-2AA1-3C65-99FB-FBA3E4658BF2}.Debug|x86.Build.0 = Debug|Win32
		{8CFA1A22-2AA1-3C65-99FB-FBA3E4658BF2}.MinSizeRel|Win32.ActiveCfg = MinSizeRel|Win32
		{8CFA1A22-2AA1-3C65-99FB-FBA3E4658BF2}.MinSizeRel|Win32.Build.0 = MinSizeRel|Win32
		{8CFA1A22-2AA1-3C65-99FB-FBA3E4658BF2}.MinSizeRel|x64.ActiveCfg = MinSizeRel|x64
		{8CFA1A22-2AA1-3C65-99FB-FBA3E4658BF2}.MinSizeRel|x64.Build.0 = MinSizeRel|x64
		{8CFA1A22-2AA1-3C65-99FB-FBA3E4658BF2}.MinSizeRel|x86.ActiveCfg = MinSizeRel|Win32
		{8CFA1A22-2AA1-3C65-99FB-FBA3E4658BF2}.MinSizeRel|x86.Build.0 = MinSizeRel|Win32
		{8CFA1A22-2AA1-3C65-99FB-FBA3E4658BF2}.Release|Win32.ActiveCfg = Release|Win32
		{8CFA1A22-2AA1-3C65-99FB-FBA3E4658BF2}.Release|Win32.Build.0 = Release|Win32
		{8CFA1A22-2AA1-3C65-99FB-FBA3E4658BF2}.Release|x64.ActiveCfg = Release|x64
		{8CFA1A22-2AA1-3C65-99FB-FBA3E4658BF2}.Release|x64.Build.0 = Release|x64
		{8CFA1A22-2AA1-3C65-99FB-FBA3E4658BF2}.Release|x86.ActiveCfg = Release|Win32
		{8CFA1A22-2AA1-3C65-99FB-FBA3E4658BF2}.Release|x86.Build.0 = Release|Win32
		{8CFA1A22-2AA1-3C65-99FB-FBA3E4658BF2}.RelWithDebInfo|Win32.ActiveCfg = RelWithDebInfo|Win32
		{8CFA1A22-2AA1-3C65-99FB-FBA3E4658BF2}.RelWithDebInfo|Win32.Build.0 = RelWithDebInfo|Win32
		{8CFA1A22-2AA1-3C65-99FB-FBA3E4658BF2}.RelWithDebInfo|x64.ActiveCfg = RelWithDebInfo|x64
		{8CFA1A22-2AA1-3C65-99FB-FBA3E4658BF2}.RelWithDebInfo|x64.Build.0 = RelWithDebInfo|x64
		{8CFA1A22-2AA1-3C65-99FB-FBA3E4658BF2}.RelWithDebInfo|x86.ActiveCfg = RelWithDebInfo|Win32
		{8CFA1A22-2AA1-3C65-99FB-FBA3E4658BF2}.RelWithDebInfo|x86.Build.0 = RelWithDebInfo|Win32
		{C7FB4448-A582-3CD1-A531-EA3F02B42FAD}.Debug|Win32.ActiveCfg = Debug|Win32
		{C7FB4448-A582-3CD1-A531-EA3F02B42FAD}.Debug|Win32.Build.0 = Debug|Win32
		{C7FB4448-A582-3CD1-A531-EA3F02B42FAD}.Debug|x64.ActiveCfg = Debug|x64
		{C7FB4448-A582-3CD1-A531-EA3F02B42FAD}.Debug|x64.Build.0 = Debug|x64
		{C7FB4448-A582-3CD1-A531-EA3F02B42FAD}.Debug|x86.ActiveCfg = Debug|Win32
		{C7FB4448-A582-3CD1-A531-EA3F02B42FAD}.Debug|x86.Build.0 = Debug|Win32
		{C7FB4448-A582-3CD1-A531-EA3F02B42FAD}.MinSizeRel|Win32.ActiveCfg = MinSizeRel|Win32
		{C7FB4448-A582-3CD1-A531-EA3F02B42FAD}.MinSizeRel|Win32.Build.0 = MinSizeRel|Win32
		{C7FB4448-A582-3CD1-A531-EA3F02B42FAD}.MinSizeRel|x64.ActiveCfg = MinSizeRel|x64
		{C7FB4448-A582-3CD1-A531-EA3F02B42FAD}.MinSizeRel|x64.Build.0 = MinSizeRel|x64
		{C7FB4448-A582-3CD1-A531-EA3F02B42FAD}.MinSizeRel|x86.ActiveCfg = MinSizeRel|Win32
		{C7FB4448-A582-3CD1-A531-EA3F02B42FAD}.MinSizeRel|x86.Build.0 = MinSizeRel|Win32
		{C7FB4448-A582-3CD1-A531-EA3F02B42FAD}.Release|Win32.ActiveCfg = Release|Win32
		{C7FB4448-A582-3CD1-A531-EA3F02B42FAD}.Release|Win32.Build.0 = Release|Win32
		{C7FB4448-A582-3CD1-A531-EA3F02B42FAD}.Release|x64.ActiveCfg = Release|x64
		{C7FB4448-A582-3CD1-A531-EA3F02B42FAD}.Release|x64.Build.0 = Release|x64
		{C7FB4448-A582-3CD1-A531-EA3F02B42FAD}.Release|x86.ActiveCfg = Release|Win32
		{C7FB4448-A582-3CD1-A531-EA3F02B42FAD}.Release|x86.Build.0 = Release|Win32
		{C7FB4448-A582-3CD1-A531-EA3F02B42FAD}.RelWithDebInfo|Win32.ActiveCfg = RelWithDebInfo|Win32
		{C7FB4448-A582-3CD1-A531-EA3F02B42FAD}.RelWithDebInfo|Win32.Build.0 = RelWithDebInfo|Win32
		{C7FB4448-A582-3CD1-A531-EA3F02B42FAD}.RelWithDebInfo|x64.ActiveCfg = RelWithDebInfo|x64
		{C7FB4448-A582-3CD1-A531-EA3F02B42FAD}.RelWithDebInfo|x64.Build.0 = RelWithDebInfo|x64
		{C7FB4448-A582-3CD1-A531-EA3F02B42FAD}.RelWithDebInfo|x86.ActiveCfg = RelWithDebInfo|Win32
		{C7FB4448-A582-3CD1-A531-EA3F02B42FAD}.RelWithDebInfo|x86.Build.0 = RelWithDebInfo|Win32
		{1D5B28B1-7004-3868-A56C-A4532D3EBEEC}.Debug|Win32.ActiveCfg = Debug|Win32
		{1D5B28B1-7004-3868-A56C-A4532D3EBEEC}.Debug|Win32.Build.0 = Debug|Win32
		{1D5B28B1-7004-3868-A56C-A4532D3EBEEC}.Debug|x64.ActiveCfg = Debug|x64
		{1D5B28B1-7004-3868-A56C-A4532D3EBEEC}.Debug|x64.Build.0 = Debug|x64
		{1D5B28B1-7004-3868-A56C-A4532D3EBEEC}.Debug|x86.ActiveCfg = Debug|Win32
		{1D5B28B1-7004-3868-A56C-A4532D3EBEEC}.Debug|x86.Build.0 = Debug|Win32
		{1D5B28B1-7004-3868-A56C-A4532D3EBEEC}.MinSizeRel|Win32.ActiveCfg = MinSizeRel|Win32
		{1D5B28B1-7004-3868-A56C-A4532D3EBEEC}.MinSizeRel|Win32.Build.0 = MinSizeRel|Win32
		{1D5B28B1-7004-3868-A56C-A4532D3EBEEC}.MinSizeRel|x64.ActiveCfg = MinSizeRel|x64
		{1D5B28B1-7004-3868-A56C-A4532D3EBEEC}.MinSizeRel|x64.Build.0 = MinSizeRel|x64
		{1D5B28B1-7004-3868-A56C-A4532D3EBEEC}.MinSizeRel|x86.ActiveCfg = MinSizeRel|Win32
		{1D5B28B1-7004-3868-A56C-A4532D3EBEEC}.MinSizeRel|x86.Build.0 = MinSizeRel|Win32
		{1D5B28B1-7004-3868-A56C-A4532D3EBEEC}.Release|Win32.ActiveCfg = Release|Win32
		{1D5B28B1-7004-3868-A56C-A4532D3EBEEC}.Release|x64.ActiveCfg = Release|x64
		{1D5B28B1-7004-3868-A56C-A4532D3EBEEC}.Release|x64.Build.0 = Release|x64
		{1D5B28B1-7004-3868-A56C-A4532D3EBEEC}.Release|x86.ActiveCfg = Release|Win32
		{1D5B28B1-7004-3868-A56C-A4532D3EBEEC}.Release|x86.Build.0 = Release|Win32
		{1D5B28B1-7004-3868-A56C-A4532D3EBEEC}.RelWithDebInfo|Win32.ActiveCfg = RelWithDebInfo|Win32
		{1D5B28B1-7004-3868-A56C-A4532D3EBEEC}.RelWithDebInfo|Win32.Build.0 = RelWithDebInfo|Win32
		{1D5B28B1-7004-3868-A56C-A4532D3EBEEC}.RelWithDebInfo|x64.ActiveCfg = RelWithDebInfo|x64
		{1D5B28B1-7004-3868-A56C-A4532D3EBEEC}.RelWithDebInfo|x64.Build.0 = RelWithDebInfo|x64
		{1D5B28B1-7004-3868-A56C-A4532D3EBEEC}.RelWithDebInfo|x86.ActiveCfg = RelWithDebInfo|Win32
		{1D5B28B1-7004-3868-A56C-A4532D3EBEEC}.RelWithDebInfo|x86.Build.0 = RelWithDebInfo|Win32
		{610A449C-EA16-389C-930E-7EC02F9C5FDF}.Debug|Win32.ActiveCfg = Debug|Win32
		{610A449C-EA16-389C-930E-7EC02F9C5FDF}.Debug|Win32.Build.0 = Debug|Win32
		{610A449C-EA16-389C-930E-7EC02F9C5FDF}.Debug|x64.ActiveCfg = Debug|x64
		{610A449C-EA16-389C-930E-7EC02F9C5FDF}.Debug|x64.Build.0 = Debug|x64
		{610A449C-EA16-389C-930E-7EC02F9C5FDF}.Debug|x86.ActiveCfg = Debug|Win32
		{610A449C-EA16-389C-930E-7EC02F9C5FDF}.Debug|x86.Build.0 = Debug|Win32
		{610A449C-EA16-389C-930E-7EC02F9C5FDF}.MinSizeRel|Win32.ActiveCfg = MinSizeRel|Win32
		{610A449C-EA16-389C-930E-7EC02F9C5FDF}.MinSizeRel|Win32.Build.0 = MinSizeRel|Win32
		{610A449C-EA16-389C-930E-7EC02F9C5FDF}.MinSizeRel|x64.ActiveCfg = MinSizeRel|x64
		{610A449C-EA16-389C-930E-7EC02F9C5FDF}.MinSizeRel|x64.Build.0 = MinSizeRel|x64
		{610A449C-EA16-389C-930E-7EC02F9C5FDF}.MinSizeRel|x86.ActiveCfg = MinSizeRel|Win32
		{610A449C-EA16-389C-930E-7EC02F9C5FDF}.MinSizeRel|x86.Build.0 = MinSizeRel|Win32
		{610A449C-EA16-389C-930E-7EC02F9C5FDF}.Release|Win32.ActiveCfg = Release|Win32
		{610A449C-EA16-389C-930E-7EC02F9C5FDF}.Release|Win32.Build.0 = Release|Win32
		{610A449C-EA16-389C-930E-7EC02F9C5FDF}.Release|x64.ActiveCfg = Release|x64
		{610A449C-EA16-389C-930E-7EC02F9C5FDF}.Release|x64.Build.0 = Release|x64
		{610A449C-EA16-389C-930E-7EC02F9C5FDF}.Release|x86.ActiveCfg = Release|Win32
		{610A449C-EA16-389C-930E-7EC02F9C5FDF}.Release|x86.Build.0 = Release|Win32
		{610A449C-EA16-389C-930E-7EC02F9C5FDF}.RelWithDebInfo|Win32.ActiveCfg = RelWithDebInfo|Win32
		{610A449C-EA16-389C-930E-7EC02F9C5FDF}.RelWithDebInfo|Win32.Build.0 = RelWithDebInfo|Win32
		{610A449C-EA16-389C-930E-7EC02F9C5FDF}.RelWithDebInfo|x64.ActiveCfg = RelWithDebInfo|x64
		{610A449C-EA16-389C-930E-7EC02F9C5FDF}.RelWithDebInfo|x64.Build.0 = RelWithDebInfo|x64
		{610A449C-EA16-389C-930E-7EC02F9C5FDF}.RelWithDebInfo|x86.ActiveCfg = RelWithDebInfo|Win32
		{610A449C-EA16-389C-930E-7EC02F9C5FDF}.RelWithDebInfo|x86.Build.0 = RelWithDebInfo|Win32
		{8F5F639C-3301-346E-9463-FC892E0DCC7F}.Debug|Win32.ActiveCfg = Debug|Win32
		{8F5F639C-3301-346E-9463-FC892E0DCC7F}.Debug|Win32.Build.0 = Debug|Win32
		{8F5F639C-3301-346E-9463-FC892E0DCC7F}.Debug|x64.ActiveCfg = Debug|x64
		{8F5F639C-3301-346E-9463-FC892E0DCC7F}.Debug|x64.Build.0 = Debug|x64
		{8F5F639C-3301-346E-9463-FC892E0DCC7F}.Debug|x86.ActiveCfg = Debug|Win32
		{8F5F639C-3301-346E-9463-FC892E0DCC7F}.Debug|x86.Build.0 = Debug|Win32
		{8F5F639C-3301-346E-9463-FC892E0DCC7F}.MinSizeRel|Win32.ActiveCfg = MinSizeRel|Win32
		{8F5F639C-3301-346E-9463-FC892E0DCC7F}.MinSizeRel|Win32.Build.0 = MinSizeRel|Win32
		{8F5F639C-3301-346E-9463-FC892E0DCC7F}.MinSizeRel|x64.ActiveCfg = MinSizeRel|x64
		{8F5F639C-3301-346E-9463-FC892E0DCC7F}.MinSizeRel|x64.Build.0 = MinSizeRel|x64
		{8F5F639C-3301-346E-9463-FC892E0DCC7F}.MinSizeRel|x86.ActiveCfg = MinSizeRel|Win32
		{8F5F639C-3301-346E-9463-FC892E0DCC7F}.MinSizeRel|x86.Build.0 = MinSizeRel|Win32
		{8F5F639C-3301-346E-9463-FC892E0DCC7F}.Release|Win32.ActiveCfg = Release|Win32
		{8F5F639C-3301-346E-9463-FC892E0DCC7F}.Release|Win32.Build.0 = Release|Win32
		{8F5F639C-3301-346E-9463-FC892E0DCC7F}.Release|x64.ActiveCfg = Release|x64
		{8F5F639C-3301-346E-9463-FC892E0DCC7F}.Release|x64.Build.0 = Release|x64
		{8F5F639C-3301-346E-9463-FC892E0DCC7F}.Release|x86.ActiveCfg = Release|Win32
		{8F5F639C-3301-346E-9463-FC892E0DCC7F}.Release|x86.Build.0 = Release|Win32
		{8F5F639C-3301-346E-9463-FC892E0DCC7F}.RelWithDebInfo|Win32.ActiveCfg = RelWithDebInfo|Win32
		{8F5F639C-3301-346E-9463-FC892E0DCC7F}.RelWithDebInfo|Win32.Build.0 = RelWithDebInfo|Win32
		{8F5F639C-3301-346E-9463-FC892E0DCC7F}.RelWithDebInfo|x64.ActiveCfg = RelWithDebInfo|x64
		{8F5F639C-3301-346E-9463-FC892E0DCC7F}.RelWithDebInfo|x64.Build.0 = RelWithDebInfo|x64
		{8F5F639C-3301-346E-9463-FC892E0DCC7F}.RelWithDebInfo|x86.ActiveCfg = RelWithDebInfo|Win32
		{8F5F639C-3301-346E-9463-FC892E0DCC7F}.RelWithDebInfo|x86.Build.0 = RelWithDebInfo|Win32
		{CBA42BFB-00EF-3D32-9763-F18F58DAF414}.Debug|Win32.ActiveCfg = Debug|Win32
		{CBA42BFB-00EF-3D32-9763-F18F58DAF414}.Debug|Win32.Build.0 = Debug|Win32
		{CBA42BFB-00EF-3D32-9763-F18F58DAF414}.Debug|x64.ActiveCfg = Debug|x64
		{CBA42BFB-00EF-3D32-9763-F18F58DAF414}.Debug|x64.Build.0 = Debug|x64
		{CBA42BFB-00EF-3D32-9763-F18F58DAF414}.Debug|x86.ActiveCfg = Debug|Win32
		{CBA42BFB-00EF-3D32-9763-F18F58DAF414}.Debug|x86.Build.0 = Debug|Win32
		{CBA42BFB-00EF-3D32-9763-F18F58DAF414}.MinSizeRel|Win32.ActiveCfg = MinSizeRel|Win32
		{CBA42BFB-00EF-3D32-9763-F18F58DAF414}.MinSizeRel|Win32.Build.0 = MinSizeRel|Win32
		{CBA42BFB-00EF-3D32-9763-F18F58DAF414}.MinSizeRel|x64.ActiveCfg = MinSizeRel|x64
		{CBA42BFB-00EF-3D32-9763-F18F58DAF414}.MinSizeRel|x64.Build.0 = MinSizeRel|x64
		{CBA42BFB-00EF-3D32-9763-F18F58DAF414}.MinSizeRel|x86.ActiveCfg = MinSizeRel|Win32
		{CBA42BFB-00EF-3D32-9763-F18F58DAF414}.MinSizeRel|x86.Build.0 = MinSizeRel|Win32
		{CBA42BFB-00EF-3D32-9763-F18F58DAF414}.Release|Win32.ActiveCfg = Release|Win32
		{CBA42BFB-00EF-3D32-9763-F18F58DAF414}.Release|x64.ActiveCfg = Release|x64
		{CBA42BFB-00EF-3D32-9763-F18F58DAF414}.Release|x64.Build.0 = Release|x64
		{CBA42BFB-00EF-3D32-9763-F18F58DAF414}.Release|x86.ActiveCfg = Release|Win32
		{CBA42BFB-00EF-3D32-9763-F18F58DAF414}.Release|x86.Build.0 = Release|Win32
		{CBA42BFB-00EF-3D32-9763-F18F58DAF414}.RelWithDebInfo|Win32.ActiveCfg = RelWithDebInfo|Win32
		{CBA42BFB-00EF-3D32-9763-F18F58DAF414}.RelWithDebInfo|Win32.Build.0 = RelWithDebInfo|Win32
		{CBA42BFB-00EF-3D32-9763-F18F58DAF414}.RelWithDebInfo|x64.ActiveCfg = RelWithDebInfo|x64
		{CBA42BFB-00EF-3D32-9763-F18F58DAF414}.RelWithDebInfo|x64.Build.0 = RelWithDebInfo|x64
		{CBA42BFB-00EF-3D32-9763-F18F58DAF414}.RelWithDebInfo|x86.ActiveCfg = RelWithDebInfo|Win32
		{CBA42BFB-00EF-3D32-9763-F18F58DAF414}.RelWithDebInfo|x86.Build.0 = RelWithDebInfo|Win32
		{855EB0E7-1E8A-3FE4-BF53-C77900A529A4}.Debug|Win32.ActiveCfg = Debug|Win32
		{855EB0E7-1E8A-3FE4-BF53-C77900A529A4}.Debug|Win32.Build.0 = Debug|Win32
		{855EB0E7-1E8A-3FE4-BF53-C77900A529A4}.Debug|x64.ActiveCfg = Debug|x64
		{855EB0E7-1E8A-3FE4-BF53-C77900A529A4}.Debug|x64.Build.0 = Debug|x64
		{855EB0E7-1E8A-3FE4-BF53-C77900A529A4}.Debug|x86.ActiveCfg = Debug|Win32
		{855EB0E7-1E8A-3FE4-BF53-C77900A529A4}.Debug|x86.Build.0 = Debug|Win32
		{855EB0E7-1E8A-3FE4-BF53-C77900A529A4}.MinSizeRel|Win32.ActiveCfg = MinSizeRel|Win32
		{855EB0E7-1E8A-3FE4-BF53-C77900A529A4}.MinSizeRel|Win32.Build.0 = MinSizeRel|Win32
		{855EB0E7-1E8A-3FE4-BF53-C77900A529A4}.MinSizeRel|x64.ActiveCfg = MinSizeRel|x64
		{855EB0E7-1E8A-3FE4-BF53-C77900A529A4}.MinSizeRel|x64.Build.0 = MinSizeRel|x64
		{855EB0E7-1E8A-3FE4-BF53-C77900A529A4}.MinSizeRel|x86.ActiveCfg = MinSizeRel|Win32
		{855EB0E7-1E8A-3FE4-BF53-C77900A529A4}.MinSizeRel|x86.Build.0 = MinSizeRel|Win32
		{855EB0E7-1E8A-3FE4-BF53-C77900A529A4}.Release|Win32.ActiveCfg = Release|Win32
		{855EB0E7-1E8A-3FE4-BF53-C77900A529A4}.Release|x64.ActiveCfg = Release|x64
		{855EB0E7-1E8A-3FE4-BF53-C77900A529A4}.Release|x64.Build.0 = Release|x64
		{855EB0E7-1E8A-3FE4-BF53-C77900A529A4}.Release|x86.ActiveCfg = Release|Win32
		{855EB0E7-1E8A-3FE4-BF53-C77900A529A4}.Release|x86.Build.0 = Release|Win32
		{855EB0E7-1E8A-3FE4-BF53-C77900A529A4}.RelWithDebInfo|Win32.ActiveCfg = RelWithDebInfo|Win32
		{855EB0E7-1E8A-3FE4-BF53-C77900A529A4}.RelWithDebInfo|Win32.Build.0 = RelWithDebInfo|Win32
		{855EB0E7-1E8A-3FE4-BF53-C77900A529A4}.RelWithDebInfo|x64.ActiveCfg = RelWithDebInfo|x64
		{855EB0E7-1E8A-3FE4-BF53-C77900A529A4}.RelWithDebInfo|x64.Build.0 = RelWithDebInfo|x64
		{855EB0E7-1E8A-3FE4-BF53-C77900A529A4}.RelWithDebInfo|x86.ActiveCfg = RelWithDebInfo|Win32
		{855EB0E7-1E8A-3FE4-BF53-C77900A529A4}.RelWithDebInfo|x86.Build.0 = RelWithDebInfo|Win32
		{B03F6706-A524-332D-9D88-1B74E7FBCC45}.Debug|Win32.ActiveCfg = Debug|Win32
		{B03F6706-A524-332D-9D88-1B74E7FBCC45}.Debug|Win32.Build.0 = Debug|Win32
		{B03F6706-A524-332D-9D88-1B74E7FBCC45}.Debug|x64.ActiveCfg = Debug|x64
		{B03F6706-A524-332D-9D88-1B74E7FBCC45}.Debug|x64.Build.0 = Debug|x64
		{B03F6706-A524-332D-9D88-1B74E7FBCC45}.Debug|x86.ActiveCfg = Debug|Win32
		{B03F6706-A524-332D-9D88-1B74E7FBCC45}.Debug|x86.Build.0 = Debug|Win32
		{B03F6706-A524-332D-9D88-1B74E7FBCC45}.MinSizeRel|Win32.ActiveCfg = MinSizeRel|Win32
		{B03F6706-A524-332D-9D88-1B74E7FBCC45}.MinSizeRel|Win32.Build.0 = MinSizeRel|Win32
		{B03F6706-A524-332D-9D88-1B74E7FBCC45}.MinSizeRel|x64.ActiveCfg = MinSizeRel|x64
		{B03F6706-A524-332D-9D88-1B74E7FBCC45}.MinSizeRel|x64.Build.0 = MinSizeRel|x64
		{B03F6706-A524-332D-9D88-1B74E7FBCC45}.MinSizeRel|x86.ActiveCfg = MinSizeRel|Win32
		{B03F6706-A524-332D-9D88-1B74E7FBCC45}.MinSizeRel|x86.Build.0 = MinSizeRel|Win32
		{B03F6706-A524-332D-9D88-1B74E7FBCC45}.Release|Win32.ActiveCfg = Release|Win32
		{B03F6706-A524-332D-9D88-1B74E7FBCC45}.Release|Win32.Build.0 = Release|Win32
		{B03F6706-A524-332D-9D88-1B74E7FBCC45}.Release|x64.ActiveCfg = Release|x64
		{B03F6706-A524-332D-9D88-1B74E7FBCC45}.Release|x64.Build.0 = Release|x64
		{B03F6706-A524-332D-9D88-1B74E7FBCC45}.Release|x86.ActiveCfg = Release|Win32
		{B03F6706-A524-332D-9D88-1B74E7FBCC45}.Release|x86.Build.0 = Release|Win32
		{B03F6706-A524-332D-9D88-1B74E7FBCC45}.RelWithDebInfo|Win32.ActiveCfg = RelWithDebInfo|Win32
		{B03F6706-A524-332D-9D88-1B74E7FBCC45}.RelWithDebInfo|Win32.Build.0 = RelWithDebInfo|Win32
		{B03F6706-A524-332D-9D88-1B74E7FBCC45}.RelWithDebInfo|x64.ActiveCfg = RelWithDebInfo|x64
		{B03F6706-A524-332D-9D88-1B74E7FBCC45}.RelWithDebInfo|x64.Build.0 = RelWithDebInfo|x64
		{B03F6706-A524-332D-9D88-1B74E7FBCC45}.RelWithDebInfo|x86.ActiveCfg = RelWithDebInfo|Win32
		{B03F6706-A524-332D-9D88-1B74E7FBCC45}.RelWithDebInfo|x86.Build.0 = RelWithDebInfo|Win32
	EndGlobalSection
	GlobalSection(SolutionProperties) = preSolution
		HideSolutionNode = FALSE
	EndGlobalSection
	GlobalSection(ExtensibilityGlobals) = postSolution
		SolutionGuid = {5D9BA5F9-74A0-3A10-BB24-F697AF281958}
	EndGlobalSection
EndGlobal
