Microsoft Visual Studio Solution File, Format Version 12.00
# Visual Studio 15
Project("{8BC9CEB8-8B4A-11D0-8D11-00A0C91BC942}") = "ALL_BUILD", "ALL_BUILD.vcxproj", "{79172273-5512-33CF-97D7-6A87F48EFFCB}"
	ProjectSection(ProjectDependencies) = postProject
		{3CCB2CF1-8C17-3A57-B7FE-119BC49300FB} = {3CCB2CF1-8C17-3A57-B7FE-119BC49300FB}
		{52D4C3DC-B793-3E87-AC53-096583784D9C} = {52D4C3DC-B793-3E87-AC53-096583784D9C}
	EndProjectSection
EndProject
Project("{8BC9CEB8-8B4A-11D0-8D11-00A0C91BC942}") = "CLW", "..\CLW\CLW.vcxproj", "{6B6EF578-94EB-3903-A675-930703BA14C1}"
	ProjectSection(ProjectDependencies) = postProject
		{52D4C3DC-B793-3E87-AC53-096583784D9C} = {52D4C3DC-B793-3E87-AC53-096583784D9C}
		{CA72B40F-7BCD-3DD8-AB0B-77602D737AE3} = {CA72B40F-7BCD-3DD8-AB0B-77602D737AE3}
	EndProjectSection
EndProject
Project("{8BC9CEB8-8B4A-11D0-8D11-00A0C91BC942}") = "Calc", "..\Calc\Calc.vcxproj", "{065C96A8-1236-33B6-BB76-E5351E56536E}"
	ProjectSection(ProjectDependencies) = postProject
		{6B6EF578-94EB-3903-A675-930703BA14C1} = {6B6EF578-94EB-3903-A675-930703BA14C1}
		{52D4C3DC-B793-3E87-AC53-096583784D9C} = {52D4C3DC-B793-3E87-AC53-096583784D9C}
	EndProjectSection
EndProject
Project("{8BC9CEB8-8B4A-11D0-8D11-00A0C91BC942}") = "GTest", "..\Gtest\GTest.vcxproj", "{5D87009E-3DA7-31F2-B18D-31E9C049ECEC}"
	ProjectSection(ProjectDependencies) = postProject
		{52D4C3DC-B793-3E87-AC53-096583784D9C} = {52D4C3DC-B793-3E87-AC53-096583784D9C}
	EndProjectSection
EndProject
Project("{8BC9CEB8-8B4A-11D0-8D11-00A0C91BC942}") = "RadeonRays", "..\RadeonRays\RadeonRays.vcxproj", "{82FBDA1D-104D-3F6A-ACC1-15A1228548F6}"
	ProjectSection(ProjectDependencies) = postProject
		{6B6EF578-94EB-3903-A675-930703BA14C1} = {6B6EF578-94EB-3903-A675-930703BA14C1}
		{065C96A8-1236-33B6-BB76-E5351E56536E} = {065C96A8-1236-33B6-BB76-E5351E56536E}
		{5F6FADD8-100B-3548-BE41-B0B1310C0679} = {5F6FADD8-100B-3548-BE41-B0B1310C0679}
		{52D4C3DC-B793-3E87-AC53-096583784D9C} = {52D4C3DC-B793-3E87-AC53-096583784D9C}
	EndProjectSection
EndProject
Project("{8BC9CEB8-8B4A-11D0-8D11-00A0C91BC942}") = "RadeonRaysKernelCache", "..\RadeonRays\src\kernels\CL\RadeonRaysKernelCache.vcxproj", "{5F6FADD8-100B-3548-BE41-B0B1310C0679}"
	ProjectSection(ProjectDependencies) = postProject
		{52D4C3DC-B793-3E87-AC53-096583784D9C} = {52D4C3DC-B793-3E87-AC53-096583784D9C}
	EndProjectSection
EndProject
Project("{8BC9CEB8-8B4A-11D0-8D11-00A0C91BC942}") = "UnitTest", "UnitTest.vcxproj", "{3CCB2CF1-8C17-3A57-B7FE-119BC49300FB}"
	ProjectSection(ProjectDependencies) = postProject
		{6B6EF578-94EB-3903-A675-930703BA14C1} = {6B6EF578-94EB-3903-A675-930703BA14C1}
		{065C96A8-1236-33B6-BB76-E5351E56536E} = {065C96A8-1236-33B6-BB76-E5351E56536E}
		{5D87009E-3DA7-31F2-B18D-31E9C049ECEC} = {5D87009E-3DA7-31F2-B18D-31E9C049ECEC}
		{82FBDA1D-104D-3F6A-ACC1-15A1228548F6} = {82FBDA1D-104D-3F6A-ACC1-15A1228548F6}
		{52D4C3DC-B793-3E87-AC53-096583784D9C} = {52D4C3DC-B793-3E87-AC53-096583784D9C}
	EndProjectSection
EndProject
Project("{8BC9CEB8-8B4A-11D0-8D11-00A0C91BC942}") = "ZERO_CHECK", "..\\ZERO_CHECK.vcxproj", "{52D4C3DC-B793-3E87-AC53-096583784D9C}"
	ProjectSection(ProjectDependencies) = postProject
	EndProjectSection
EndProject
Project("{8BC9CEB8-8B4A-11D0-8D11-00A0C91BC942}") = "clw_kernel_cache_h", "..\CLW\clw_kernel_cache_h.vcxproj", "{CA72B40F-7BCD-3DD8-AB0B-77602D737AE3}"
	ProjectSection(ProjectDependencies) = postProject
		{52D4C3DC-B793-3E87-AC53-096583784D9C} = {52D4C3DC-B793-3E87-AC53-096583784D9C}
	EndProjectSection
EndProject
Global
	GlobalSection(SolutionConfigurationPlatforms) = preSolution
		Debug|x64 = Debug|x64
		Release|x64 = Release|x64
		MinSizeRel|x64 = MinSizeRel|x64
		RelWithDebInfo|x64 = RelWithDebInfo|x64
	EndGlobalSection
	GlobalSection(ProjectConfigurationPlatforms) = postSolution
		{79172273-5512-33CF-97D7-6A87F48EFFCB}.Debug|x64.ActiveCfg = Debug|x64
		{79172273-5512-33CF-97D7-6A87F48EFFCB}.Release|x64.ActiveCfg = Release|x64
		{79172273-5512-33CF-97D7-6A87F48EFFCB}.MinSizeRel|x64.ActiveCfg = MinSizeRel|x64
		{79172273-5512-33CF-97D7-6A87F48EFFCB}.RelWithDebInfo|x64.ActiveCfg = RelWithDebInfo|x64
		{6B6EF578-94EB-3903-A675-930703BA14C1}.Debug|x64.ActiveCfg = Debug|x64
		{6B6EF578-94EB-3903-A675-930703BA14C1}.Debug|x64.Build.0 = Debug|x64
		{6B6EF578-94EB-3903-A675-930703BA14C1}.Release|x64.ActiveCfg = Release|x64
		{6B6EF578-94EB-3903-A675-930703BA14C1}.Release|x64.Build.0 = Release|x64
		{6B6EF578-94EB-3903-A675-930703BA14C1}.MinSizeRel|x64.ActiveCfg = MinSizeRel|x64
		{6B6EF578-94EB-3903-A675-930703BA14C1}.MinSizeRel|x64.Build.0 = MinSizeRel|x64
		{6B6EF578-94EB-3903-A675-930703BA14C1}.RelWithDebInfo|x64.ActiveCfg = RelWithDebInfo|x64
		{6B6EF578-94EB-3903-A675-930703BA14C1}.RelWithDebInfo|x64.Build.0 = RelWithDebInfo|x64
		{065C96A8-1236-33B6-BB76-E5351E56536E}.Debug|x64.ActiveCfg = Debug|x64
		{065C96A8-1236-33B6-BB76-E5351E56536E}.Debug|x64.Build.0 = Debug|x64
		{065C96A8-1236-33B6-BB76-E5351E56536E}.Release|x64.ActiveCfg = Release|x64
		{065C96A8-1236-33B6-BB76-E5351E56536E}.Release|x64.Build.0 = Release|x64
		{065C96A8-1236-33B6-BB76-E5351E56536E}.MinSizeRel|x64.ActiveCfg = MinSizeRel|x64
		{065C96A8-1236-33B6-BB76-E5351E56536E}.MinSizeRel|x64.Build.0 = MinSizeRel|x64
		{065C96A8-1236-33B6-BB76-E5351E56536E}.RelWithDebInfo|x64.ActiveCfg = RelWithDebInfo|x64
		{065C96A8-1236-33B6-BB76-E5351E56536E}.RelWithDebInfo|x64.Build.0 = RelWithDebInfo|x64
		{5D87009E-3DA7-31F2-B18D-31E9C049ECEC}.Debug|x64.ActiveCfg = Debug|x64
		{5D87009E-3DA7-31F2-B18D-31E9C049ECEC}.Debug|x64.Build.0 = Debug|x64
		{5D87009E-3DA7-31F2-B18D-31E9C049ECEC}.Release|x64.ActiveCfg = Release|x64
		{5D87009E-3DA7-31F2-B18D-31E9C049ECEC}.Release|x64.Build.0 = Release|x64
		{5D87009E-3DA7-31F2-B18D-31E9C049ECEC}.MinSizeRel|x64.ActiveCfg = MinSizeRel|x64
		{5D87009E-3DA7-31F2-B18D-31E9C049ECEC}.MinSizeRel|x64.Build.0 = MinSizeRel|x64
		{5D87009E-3DA7-31F2-B18D-31E9C049ECEC}.RelWithDebInfo|x64.ActiveCfg = RelWithDebInfo|x64
		{5D87009E-3DA7-31F2-B18D-31E9C049ECEC}.RelWithDebInfo|x64.Build.0 = RelWithDebInfo|x64
		{82FBDA1D-104D-3F6A-ACC1-15A1228548F6}.Debug|x64.ActiveCfg = Debug|x64
		{82FBDA1D-104D-3F6A-ACC1-15A1228548F6}.Debug|x64.Build.0 = Debug|x64
		{82FBDA1D-104D-3F6A-ACC1-15A1228548F6}.Release|x64.ActiveCfg = Release|x64
		{82FBDA1D-104D-3F6A-ACC1-15A1228548F6}.Release|x64.Build.0 = Release|x64
		{82FBDA1D-104D-3F6A-ACC1-15A1228548F6}.MinSizeRel|x64.ActiveCfg = MinSizeRel|x64
		{82FBDA1D-104D-3F6A-ACC1-15A1228548F6}.MinSizeRel|x64.Build.0 = MinSizeRel|x64
		{82FBDA1D-104D-3F6A-ACC1-15A1228548F6}.RelWithDebInfo|x64.ActiveCfg = RelWithDebInfo|x64
		{82FBDA1D-104D-3F6A-ACC1-15A1228548F6}.RelWithDebInfo|x64.Build.0 = RelWithDebInfo|x64
		{5F6FADD8-100B-3548-BE41-B0B1310C0679}.Debug|x64.ActiveCfg = Debug|x64
		{5F6FADD8-100B-3548-BE41-B0B1310C0679}.Debug|x64.Build.0 = Debug|x64
		{5F6FADD8-100B-3548-BE41-B0B1310C0679}.Release|x64.ActiveCfg = Release|x64
		{5F6FADD8-100B-3548-BE41-B0B1310C0679}.Release|x64.Build.0 = Release|x64
		{5F6FADD8-100B-3548-BE41-B0B1310C0679}.MinSizeRel|x64.ActiveCfg = MinSizeRel|x64
		{5F6FADD8-100B-3548-BE41-B0B1310C0679}.MinSizeRel|x64.Build.0 = MinSizeRel|x64
		{5F6FADD8-100B-3548-BE41-B0B1310C0679}.RelWithDebInfo|x64.ActiveCfg = RelWithDebInfo|x64
		{5F6FADD8-100B-3548-BE41-B0B1310C0679}.RelWithDebInfo|x64.Build.0 = RelWithDebInfo|x64
		{3CCB2CF1-8C17-3A57-B7FE-119BC49300FB}.Debug|x64.ActiveCfg = Debug|x64
		{3CCB2CF1-8C17-3A57-B7FE-119BC49300FB}.Debug|x64.Build.0 = Debug|x64
		{3CCB2CF1-8C17-3A57-B7FE-119BC49300FB}.Release|x64.ActiveCfg = Release|x64
		{3CCB2CF1-8C17-3A57-B7FE-119BC49300FB}.Release|x64.Build.0 = Release|x64
		{3CCB2CF1-8C17-3A57-B7FE-119BC49300FB}.MinSizeRel|x64.ActiveCfg = MinSizeRel|x64
		{3CCB2CF1-8C17-3A57-B7FE-119BC49300FB}.MinSizeRel|x64.Build.0 = MinSizeRel|x64
		{3CCB2CF1-8C17-3A57-B7FE-119BC49300FB}.RelWithDebInfo|x64.ActiveCfg = RelWithDebInfo|x64
		{3CCB2CF1-8C17-3A57-B7FE-119BC49300FB}.RelWithDebInfo|x64.Build.0 = RelWithDebInfo|x64
		{52D4C3DC-B793-3E87-AC53-096583784D9C}.Debug|x64.ActiveCfg = Debug|x64
		{52D4C3DC-B793-3E87-AC53-096583784D9C}.Debug|x64.Build.0 = Debug|x64
		{52D4C3DC-B793-3E87-AC53-096583784D9C}.Release|x64.ActiveCfg = Release|x64
		{52D4C3DC-B793-3E87-AC53-096583784D9C}.Release|x64.Build.0 = Release|x64
		{52D4C3DC-B793-3E87-AC53-096583784D9C}.MinSizeRel|x64.ActiveCfg = MinSizeRel|x64
		{52D4C3DC-B793-3E87-AC53-096583784D9C}.MinSizeRel|x64.Build.0 = MinSizeRel|x64
		{52D4C3DC-B793-3E87-AC53-096583784D9C}.RelWithDebInfo|x64.ActiveCfg = RelWithDebInfo|x64
		{52D4C3DC-B793-3E87-AC53-096583784D9C}.RelWithDebInfo|x64.Build.0 = RelWithDebInfo|x64
		{CA72B40F-7BCD-3DD8-AB0B-77602D737AE3}.Debug|x64.ActiveCfg = Debug|x64
		{CA72B40F-7BCD-3DD8-AB0B-77602D737AE3}.Debug|x64.Build.0 = Debug|x64
		{CA72B40F-7BCD-3DD8-AB0B-77602D737AE3}.Release|x64.ActiveCfg = Release|x64
		{CA72B40F-7BCD-3DD8-AB0B-77602D737AE3}.Release|x64.Build.0 = Release|x64
		{CA72B40F-7BCD-3DD8-AB0B-77602D737AE3}.MinSizeRel|x64.ActiveCfg = MinSizeRel|x64
		{CA72B40F-7BCD-3DD8-AB0B-77602D737AE3}.MinSizeRel|x64.Build.0 = MinSizeRel|x64
		{CA72B40F-7BCD-3DD8-AB0B-77602D737AE3}.RelWithDebInfo|x64.ActiveCfg = RelWithDebInfo|x64
		{CA72B40F-7BCD-3DD8-AB0B-77602D737AE3}.RelWithDebInfo|x64.Build.0 = RelWithDebInfo|x64
	EndGlobalSection
	GlobalSection(ExtensibilityGlobals) = postSolution
		SolutionGuid = {C9619AC0-B62C-3FBF-A080-C35B14EDDBA9}
	EndGlobalSection
	GlobalSection(ExtensibilityAddIns) = postSolution
	EndGlobalSection
EndGlobal
