Microsoft Visual Studio Solution File, Format Version 12.00
# Visual Studio 15
Project("{8BC9CEB8-8B4A-11D0-8D11-00A0C91BC942}") = "ALL_BUILD", "ALL_BUILD.vcxproj", "{B0DA7CAA-B35E-3EED-B54E-5DB188429C58}"
	ProjectSection(ProjectDependencies) = postProject
		{1D5B28B1-7004-3868-A56C-A4532D3EBEEC} = {1D5B28B1-7004-3868-A56C-A4532D3EBEEC}
		{855EB0E7-1E8A-3FE4-BF53-C77900A529A4} = {855EB0E7-1E8A-3FE4-BF53-C77900A529A4}
	EndProjectSection
EndProject
Project("{8BC9CEB8-8B4A-11D0-8D11-00A0C91BC942}") = "GTest", "GTest.vcxproj", "{1D5B28B1-7004-3868-A56C-A4532D3EBEEC}"
	ProjectSection(ProjectDependencies) = postProject
		{855EB0E7-1E8A-3FE4-BF53-C77900A529A4} = {855EB0E7-1E8A-3FE4-BF53-C77900A529A4}
	EndProjectSection
EndProject
Project("{8BC9CEB8-8B4A-11D0-8D11-00A0C91BC942}") = "ZERO_CHECK", "..\\ZERO_CHECK.vcxproj", "{855EB0E7-1E8A-3FE4-BF53-C77900A529A4}"
	ProjectSection(ProjectDependencies) = postProject
	EndProjectSection
EndProject
Global
	GlobalSection(SolutionConfigurationPlatforms) = preSolution
		Debug|x64 = Debug|x64
		Release|x64 = Release|x64
		MinSizeRel|x64 = MinSizeRel|x64
		RelWithDebInfo|x64 = RelWithDebInfo|x64
	EndGlobalSection
	GlobalSection(ProjectConfigurationPlatforms) = postSolution
		{B0DA7CAA-B35E-3EED-B54E-5DB188429C58}.Debug|x64.ActiveCfg = Debug|x64
		{B0DA7CAA-B35E-3EED-B54E-5DB188429C58}.Release|x64.ActiveCfg = Release|x64
		{B0DA7CAA-B35E-3EED-B54E-5DB188429C58}.MinSizeRel|x64.ActiveCfg = MinSizeRel|x64
		{B0DA7CAA-B35E-3EED-B54E-5DB188429C58}.RelWithDebInfo|x64.ActiveCfg = RelWithDebInfo|x64
		{1D5B28B1-7004-3868-A56C-A4532D3EBEEC}.Debug|x64.ActiveCfg = Debug|x64
		{1D5B28B1-7004-3868-A56C-A4532D3EBEEC}.Debug|x64.Build.0 = Debug|x64
		{1D5B28B1-7004-3868-A56C-A4532D3EBEEC}.Release|x64.ActiveCfg = Release|x64
		{1D5B28B1-7004-3868-A56C-A4532D3EBEEC}.Release|x64.Build.0 = Release|x64
		{1D5B28B1-7004-3868-A56C-A4532D3EBEEC}.MinSizeRel|x64.ActiveCfg = MinSizeRel|x64
		{1D5B28B1-7004-3868-A56C-A4532D3EBEEC}.MinSizeRel|x64.Build.0 = MinSizeRel|x64
		{1D5B28B1-7004-3868-A56C-A4532D3EBEEC}.RelWithDebInfo|x64.ActiveCfg = RelWithDebInfo|x64
		{1D5B28B1-7004-3868-A56C-A4532D3EBEEC}.RelWithDebInfo|x64.Build.0 = RelWithDebInfo|x64
		{855EB0E7-1E8A-3FE4-BF53-C77900A529A4}.Debug|x64.ActiveCfg = Debug|x64
		{855EB0E7-1E8A-3FE4-BF53-C77900A529A4}.Debug|x64.Build.0 = Debug|x64
		{855EB0E7-1E8A-3FE4-BF53-C77900A529A4}.Release|x64.ActiveCfg = Release|x64
		{855EB0E7-1E8A-3FE4-BF53-C77900A529A4}.Release|x64.Build.0 = Release|x64
		{855EB0E7-1E8A-3FE4-BF53-C77900A529A4}.MinSizeRel|x64.ActiveCfg = MinSizeRel|x64
		{855EB0E7-1E8A-3FE4-BF53-C77900A529A4}.MinSizeRel|x64.Build.0 = MinSizeRel|x64
		{855EB0E7-1E8A-3FE4-BF53-C77900A529A4}.RelWithDebInfo|x64.ActiveCfg = RelWithDebInfo|x64
		{855EB0E7-1E8A-3FE4-BF53-C77900A529A4}.RelWithDebInfo|x64.Build.0 = RelWithDebInfo|x64
	EndGlobalSection
	GlobalSection(ExtensibilityGlobals) = postSolution
		SolutionGuid = {81E0EA39-CB5F-3525-A2CA-3C6766A6D98E}
	EndGlobalSection
	GlobalSection(ExtensibilityAddIns) = postSolution
	EndGlobalSection
EndGlobal
